
Microsoft Visual Studio Solution File, Format Version 12.00
# Visual Studio Version 17
VisualStudioVersion = 17.0.31903.59
MinimumVisualStudioVersion = 10.0.40219.1
Project("{9A19103F-16F7-4668-BE54-9A1E7A4F7556}") = "RetailPOS.Web", "RetailPOS.Web\RetailPOS.Web.csproj", "{46ADCCF9-647A-43E2-822B-33472F810F10}"
EndProject
Project("{9A19103F-16F7-4668-BE54-9A1E7A4F7556}") = "RetailPOS.Tests", "RetailPOS.Tests\RetailPOS.Tests.csproj", "{FFF14561-F309-436F-BA40-CDE5DFC7AEF3}"
EndProject
Global
	GlobalSection(SolutionConfigurationPlatforms) = preSolution
		Debug|Any CPU = Debug|Any CPU
		Release|Any CPU = Release|Any CPU
	EndGlobalSection
	GlobalSection(ProjectConfigurationPlatforms) = postSolution
		{46ADCCF9-647A-43E2-822B-33472F810F10}.Debug|Any CPU.ActiveCfg = Debug|Any CPU
		{46ADCCF9-647A-43E2-822B-33472F810F10}.Debug|Any CPU.Build.0 = Debug|Any CPU
		{46ADCCF9-647A-43E2-822B-33472F810F10}.Release|Any CPU.ActiveCfg = Release|Any CPU
		{46ADCCF9-647A-43E2-822B-33472F810F10}.Release|Any CPU.Build.0 = Release|Any CPU
		{FFF14561-F309-436F-BA40-CDE5DFC7AEF3}.Debug|Any CPU.ActiveCfg = Debug|Any CPU
		{FFF14561-F309-436F-BA40-CDE5DFC7AEF3}.Debug|Any CPU.Build.0 = Debug|Any CPU
		{FFF14561-F309-436F-BA40-CDE5DFC7AEF3}.Release|Any CPU.ActiveCfg = Release|Any CPU
		{FFF14561-F309-436F-BA40-CDE5DFC7AEF3}.Release|Any CPU.Build.0 = Release|Any CPU
	EndGlobalSection
	GlobalSection(SolutionProperties) = preSolution
		HideSolutionNode = FALSE
	EndGlobalSection
	GlobalSection(ExtensibilityGlobals) = postSolution
		SolutionGuid = {8A800BCE-C236-4455-9A09-6FFDEF17CB63}
	EndGlobalSection
EndGlobal
